
Microsoft Visual Studio Solution File, Format Version 12.00
# Visual Studio Version 17
VisualStudioVersion = 17.4.33110.190
MinimumVisualStudioVersion = 10.0.40219.1
Project("{FAE04EC0-301F-11D3-BF4B-00C04F79EFBC}") = "home", "home.csproj", "{28BD7E90-4B1A-4C8C-B7D0-FB87BB91AB62}"
EndProject
Global
	GlobalSection(SolutionConfigurationPlatforms) = preSolution
		Debug|Any CPU = Debug|Any CPU
		Release|Any CPU = Release|Any CPU
	EndGlobalSection
	GlobalSection(ProjectConfigurationPlatforms) = postSolution
		{28BD7E90-4B1A-4C8C-B7D0-FB87BB91AB62}.Debug|Any CPU.ActiveCfg = Debug|Any CPU
		{28BD7E90-4B1A-4C8C-B7D0-FB87BB91AB62}.Debug|Any CPU.Build.0 = Debug|Any CPU
		{28BD7E90-4B1A-4C8C-B7D0-FB87BB91AB62}.Release|Any CPU.ActiveCfg = Release|Any CPU
		{28BD7E90-4B1A-4C8C-B7D0-FB87BB91AB62}.Release|Any CPU.Build.0 = Release|Any CPU
	EndGlobalSection
	GlobalSection(SolutionProperties) = preSolution
		HideSolutionNode = FALSE
	EndGlobalSection
	GlobalSection(ExtensibilityGlobals) = postSolution
		SolutionGuid = {15BEE6EE-2BB3-4206-9FE8-2AD4B0ADBB37}
	EndGlobalSection
EndGlobal
